{
  "requires": true,
  "lockfileVersion": 1,
  "dependencies": {
    "html5-qrcode": {
      "version": "1.2.2",
      "resolved": "https://registry.npmjs.org/html5-qrcode/-/html5-qrcode-1.2.2.tgz",
      "integrity": "sha512-Z7M46p54ilUEce8Mo4nypJbi95qnRNH1kvCcTXXQdi89CV9F3hL9i8wcoLI+AOsJVqsqy2fyJwcri7jln4lCHQ=="
    }
  }
}
